
Microsoft Visual Studio Solution File, Format Version 12.00
# Visual Studio Version 16
VisualStudioVersion = 16.0.31019.35
MinimumVisualStudioVersion = 10.0.40219.1
Project("{FAE04EC0-301F-11D3-BF4B-00C04F79EFBC}") = "TranMinhHao_5951071021", "TranMinhHao_5951071021\TranMinhHao_5951071021.csproj", "{8E3D9E4D-F7AF-4F18-8B1C-E762BEC10110}"
EndProject
Global
	GlobalSection(SolutionConfigurationPlatforms) = preSolution
		Debug|Any CPU = Debug|Any CPU
		Release|Any CPU = Release|Any CPU
	EndGlobalSection
	GlobalSection(ProjectConfigurationPlatforms) = postSolution
		{8E3D9E4D-F7AF-4F18-8B1C-E762BEC10110}.Debug|Any CPU.ActiveCfg = Debug|Any CPU
		{8E3D9E4D-F7AF-4F18-8B1C-E762BEC10110}.Debug|Any CPU.Build.0 = Debug|Any CPU
		{8E3D9E4D-F7AF-4F18-8B1C-E762BEC10110}.Release|Any CPU.ActiveCfg = Release|Any CPU
		{8E3D9E4D-F7AF-4F18-8B1C-E762BEC10110}.Release|Any CPU.Build.0 = Release|Any CPU
	EndGlobalSection
	GlobalSection(SolutionProperties) = preSolution
		HideSolutionNode = FALSE
	EndGlobalSection
	GlobalSection(ExtensibilityGlobals) = postSolution
		SolutionGuid = {2F10D20C-4803-440F-9FEE-7591457B3321}
	EndGlobalSection
EndGlobal
